{"filter":false,"title":"Gemfile.lock","tooltip":"/pictweet/Gemfile.lock","undoManager":{"mark":-1,"position":-1,"stack":[]},"ace":{"folds":[],"scrolltop":1290.5,"scrollleft":0,"selection":{"start":{"row":94,"column":4},"end":{"row":94,"column":10},"isBackwards":false},"options":{"guessTabSize":true,"useWrapMode":false,"wrapToView":true},"firstLineState":{"row":37,"state":"start","mode":"ace/mode/text"}},"timestamp":1605524231164,"hash":"9dfb277771c33e8896854c93d8fd4151edf9617e"}